// !$*UTF8*$!
{
	archiveVersion = 1;
	classes = {
	};
	objectVersion = 46;
	objects = {
		610D1EE07B42AB7D7C742A27 = {
			isa = PBXBuildFile;
			fileRef = 4E3C239C3D9D21B7C3C6B4E0;
		};
		DF39D18751907B83431CF930 = {
			isa = PBXBuildFile;
			fileRef = 5DCC801E6DB08C1557EBB9A9;
		};
		C47D830638279E586B641B78 = {
			isa = PBXBuildFile;
			fileRef = 84E711EC0497F31CD96566E9;
		};
		DB0CD3A417F7E8183DAA143E = {
			isa = PBXBuildFile;
			fileRef = D142E7900A2392B3BEBEB6C4;
		};
		78F7F0CB89BFCB7B1A1589E5 = {
			isa = PBXBuildFile;
			fileRef = E1EEE45CDD0D3AE6A922AF74;
		};
		34D10A382BECA05437422A07 = {
			isa = PBXBuildFile;
			fileRef = 755C10DA82151C705A044B6E;
		};
		FD2337D64EEB5F023F10ADB7 = {
			isa = PBXBuildFile;
			fileRef = CA2E0185EA95EA0BBCC0A812;
		};
		79237D1B06A53F4B336441BF = {
			isa = PBXBuildFile;
			fileRef = C8C008E248F7EC1B8DC94791;
		};
		DE5DB5DD53AFA17D6D007EB6 = {
			isa = PBXBuildFile;
			fileRef = DEF61030014770A1F339A522;
		};
		512B5C27A90383C407E1EB52 = {
			isa = PBXBuildFile;
			fileRef = 09E51893ECC4476FBBB927EA;
		};
		CD928067D2963F029EE58E0C = {
			isa = PBXBuildFile;
			fileRef = 3CC996E65E7F4767A1EAEB1F;
		};
		E6FDCE51C3BB4887906CB36B = {
			isa = PBXBuildFile;
			fileRef = 94BAC28228350177EC2DFEB9;
		};
		231B431AB5012022636B1771 = {
			isa = PBXBuildFile;
			fileRef = 0E3C3CA6A181B0A0D6E44ECC;
		};
		1AF5ECF60D45B2D818170581 = {
			isa = PBXBuildFile;
			fileRef = 83A1AC9760DC435DFE2857BC;
		};
		7F5F5F39E0CA95147594ECF3 = {
			isa = PBXBuildFile;
			fileRef = 4B27A9AC03DF4D9C965757A4;
		};
		45E4B4A902106850BB8ED4A6 = {
			isa = PBXBuildFile;
			fileRef = BA1E08F55D88D64ECC81B4EB;
		};
		6EB5FFB0ACA487D33B2AAE93 = {
			isa = PBXBuildFile;
			fileRef = 7D9204324F24600339A829DC;
		};
		7BEB35AA6F70C5E112FDBD0F = {
			isa = PBXBuildFile;
			fileRef = EF75EAC5BDB6041845D08EEC;
		};
		A0C4729F4F0A9B073D066ED0 = {
			isa = PBXBuildFile;
			fileRef = F38B6379611CB61566E342BB;
		};
		DD7F48960E0E3F61D8BD6C0F = {
			isa = PBXBuildFile;
			fileRef = C85CED3EB9FC8E3ACD22D677;
		};
		E26C735D7447DCA6FA2E4E2A = {
			isa = PBXBuildFile;
			fileRef = B2B8745292A24061A7B5EE85;
		};
		7227E33A36B88172A89F2E1E = {
			isa = PBXBuildFile;
			fileRef = 36FEB37975B0F0DB81779D07;
		};
		DBAE64ADE272845AEE0F9009 = {
			isa = PBXBuildFile;
			fileRef = 7137F24ED446AC33CFF015B1;
		};
		7C057F4FDE4586FF00DAAFBC = {
			isa = PBXBuildFile;
			fileRef = 552D80262F177201B10CE252;
		};
		3BCA871F046E38E7C5737C4C = {
			isa = PBXBuildFile;
			fileRef = 39D412B134A4CE76868B5E1D;
		};
		4ABE486DC70B673B0016E1F7 = {
			isa = PBXBuildFile;
			fileRef = 9A5B15590CA4738B83CD197D;
		};
		B1D7444AE88AA9B49ECE7AF6 = {
			isa = PBXBuildFile;
			fileRef = 38150E8B4B122A152644E14B;
		};
		67C8F6D18EEB87095057FE42 = {
			isa = PBXBuildFile;
			fileRef = 45682D6592794B1CB7C7361C;
		};
		2FC99192EFA20A68E04AB5C4 = {
			isa = PBXBuildFile;
			fileRef = C7DA78B499086A83C79B1B07;
		};
		3C5322319B787AD34370EE40 = {
			isa = PBXBuildFile;
			fileRef = 98557953C22DAF4827C7AA1C;
		};
		3A8FDB6E33CE7C4C2F59A6B9 = {
			isa = PBXBuildFile;
			fileRef = B0E9D6BFE2EA8D6842407C59;
		};
		0070BBED3505691358984F56 = {
			isa = PBXBuildFile;
			fileRef = 404322AEE3DA0EEDE64D0F39;
		};
		540FBC282E6CA5621B4939B4 = {
			isa = PBXBuildFile;
			fileRef = 21A9C56047D6CEB07B6A07E3;
		};
		D04213AF63BE00D48FD5BDFA = {
			isa = PBXBuildFile;
			fileRef = CB892D42D0FDD9630A77CEBF;
		};
		0CFA0E777686098D4851C6E4 = {
			isa = PBXBuildFile;
			fileRef = EF298C9521B4AD141A605B9D;
		};
		E2810D73B0129F1A564B19BF = {
			isa = PBXBuildFile;
			fileRef = 49A48A58619AB704416E42E5;
		};
		4F3BBB2F28058A6B377F3E7E = {
			isa = PBXBuildFile;
			fileRef = 82ABF8AB2EA67C1E721F4B7F;
		};
		9CC666590EE23759FC8D7E9E = {
			isa = PBXBuildFile;
			fileRef = A6B976A38BD5E3751CE99D7C;
		};
		FE40FAF158174C0C3BF0E67F = {
			isa = PBXBuildFile;
			fileRef = D69A514759A69BE3E79A9FD5;
		};
		7730234E53401F68CB0A9880 = {
			isa = PBXBuildFile;
			fileRef = F18FA3EFA65029A0465520B6;
		};
		BE1DCDB995F184523E667F65 = {
			isa = PBXBuildFile;
			fileRef = CCB95D28C7E7EE0B974D1DA5;
		};
		E1344442F3B510613794B5B9 = {
			isa = PBXBuildFile;
			fileRef = 317CAE65A6C70572D1A07688;
		};
		043EE8D4EC780C9EEC2AB78B = {
			isa = PBXFileReference;
			lastKnownFileType = file;
			name = "juce_core";
			path = "../../../../../juce/modules/juce_core";
			sourceTree = "SOURCE_ROOT";
		};
		09E51893ECC4476FBBB927EA = {
			isa = PBXFileReference;
			lastKnownFileType = wrapper.framework;
			name = IOKit.framework;
			path = System/Library/Frameworks/IOKit.framework;
			sourceTree = SDKROOT;
		};
		0E3C3CA6A181B0A0D6E44ECC = {
			isa = PBXFileReference;
			lastKnownFileType = wrapper.framework;
			name = WebKit.framework;
			path = System/Library/Frameworks/WebKit.framework;
			sourceTree = SDKROOT;
		};
		182B7A458E753EC203D3EF7C = {
			isa = PBXFileReference;
			lastKnownFileType = file;
			name = "juce_events";
			path = "../../../../../juce/modules/juce_events";
			sourceTree = "SOURCE_ROOT";
		};
		21A9C56047D6CEB07B6A07E3 = {
			isa = PBXFileReference;
			lastKnownFileType = sourcecode.cpp.objcpp;
			name = "include_juce_audio_formats.mm";
			path = "../../JuceLibraryCode/include_juce_audio_formats.mm";
			sourceTree = "SOURCE_ROOT";
		};
		2FA672CE1D97858BD3DA2B0E = {
			isa = PBXFileReference;
			lastKnownFileType = image.jpeg;
			name = "IMG_1883.JPG";
			path = "../../Resources/IMG_1883.JPG";
			sourceTree = "SOURCE_ROOT";
		};
		317CAE65A6C70572D1A07688 = {
			isa = PBXFileReference;
			lastKnownFileType = sourcecode.cpp.objcpp;
			name = "include_juce_gui_extra.mm";
			path = "../../JuceLibraryCode/include_juce_gui_extra.mm";
			sourceTree = "SOURCE_ROOT";
		};
		36FEB37975B0F0DB81779D07 = {
			isa = PBXFileReference;
			lastKnownFileType = sourcecode.cpp.cpp;
			name = "include_gin_network_auth.cpp";
			path = "../../JuceLibraryCode/include_gin_network_auth.cpp";
			sourceTree = "SOURCE_ROOT";
		};
		38150E8B4B122A152644E14B = {
			isa = PBXFileReference;
			lastKnownFileType = sourcecode.c.c;
			name = "include_gin_network_mbed5.c";
			path = "../../JuceLibraryCode/include_gin_network_mbed5.c";
			sourceTree = "SOURCE_ROOT";
		};
		39D412B134A4CE76868B5E1D = {
			isa = PBXFileReference;
			lastKnownFileType = sourcecode.c.c;
			name = "include_gin_network_mbed3.c";
			path = "../../JuceLibraryCode/include_gin_network_mbed3.c";
			sourceTree = "SOURCE_ROOT";
		};
		3CC996E65E7F4767A1EAEB1F = {
			isa = PBXFileReference;
			lastKnownFileType = wrapper.framework;
			name = QuartzCore.framework;
			path = System/Library/Frameworks/QuartzCore.framework;
			sourceTree = SDKROOT;
		};
		3FCBA65991BF7C458F354E01 = {
			isa = PBXFileReference;
			lastKnownFileType = file;
			name = "juce_audio_devices";
			path = "../../../../../juce/modules/juce_audio_devices";
			sourceTree = "SOURCE_ROOT";
		};
		404322AEE3DA0EEDE64D0F39 = {
			isa = PBXFileReference;
			lastKnownFileType = sourcecode.cpp.objcpp;
			name = "include_juce_audio_devices.mm";
			path = "../../JuceLibraryCode/include_juce_audio_devices.mm";
			sourceTree = "SOURCE_ROOT";
		};
		4378DD765D79C22535D43F05 = {
			isa = PBXFileReference;
			lastKnownFileType = file;
			name = "gin_dsp";
			path = "../../../../modules/gin_dsp";
			sourceTree = "SOURCE_ROOT";
		};
		45682D6592794B1CB7C7361C = {
			isa = PBXFileReference;
			lastKnownFileType = sourcecode.c.c;
			name = "include_gin_network_mbed6.c";
			path = "../../JuceLibraryCode/include_gin_network_mbed6.c";
			sourceTree = "SOURCE_ROOT";
		};
		49A48A58619AB704416E42E5 = {
			isa = PBXFileReference;
			lastKnownFileType = sourcecode.cpp.objcpp;
			name = "include_juce_core.mm";
			path = "../../JuceLibraryCode/include_juce_core.mm";
			sourceTree = "SOURCE_ROOT";
		};
		4B27A9AC03DF4D9C965757A4 = {
			isa = PBXFileReference;
			lastKnownFileType = sourcecode.cpp.cpp;
			name = MainComponent.cpp;
			path = ../../Source/MainComponent.cpp;
			sourceTree = "SOURCE_ROOT";
		};
		4E3C239C3D9D21B7C3C6B4E0 = {
			isa = PBXFileReference;
			explicitFileType = wrapper.application;
			includeInIndex = 0;
			path = Demo.app;
			sourceTree = "BUILT_PRODUCTS_DIR";
		};
		552D80262F177201B10CE252 = {
			isa = PBXFileReference;
			lastKnownFileType = sourcecode.c.c;
			name = "include_gin_network_mbed2.c";
			path = "../../JuceLibraryCode/include_gin_network_mbed2.c";
			sourceTree = "SOURCE_ROOT";
		};
		5C8134508339492CEFD6E156 = {
			isa = PBXFileReference;
			lastKnownFileType = file.svg;
			name = "SVG_example_markup_grid.svg";
			path = "../../Resources/SVG_example_markup_grid.svg";
			sourceTree = "SOURCE_ROOT";
		};
		5DCC801E6DB08C1557EBB9A9 = {
			isa = PBXFileReference;
			lastKnownFileType = wrapper.framework;
			name = Accelerate.framework;
			path = System/Library/Frameworks/Accelerate.framework;
			sourceTree = SDKROOT;
		};
		5FDB550DE328824A1D583C7C = {
			isa = PBXFileReference;
			lastKnownFileType = file.bmp;
			name = ballon.bmp;
			path = ../../Resources/ballon.bmp;
			sourceTree = "SOURCE_ROOT";
		};
		703818C6778C8D4616CCC66B = {
			isa = PBXFileReference;
			lastKnownFileType = image.jpeg;
			name = pencils.jpeg;
			path = ../../Resources/pencils.jpeg;
			sourceTree = "SOURCE_ROOT";
		};
		7137F24ED446AC33CFF015B1 = {
			isa = PBXFileReference;
			lastKnownFileType = sourcecode.c.c;
			name = "include_gin_network_mbed1.c";
			path = "../../JuceLibraryCode/include_gin_network_mbed1.c";
			sourceTree = "SOURCE_ROOT";
		};
		722810538E22A43FF0182CE0 = {
			isa = PBXFileReference;
			lastKnownFileType = image.jpeg;
			name = mountain.jpg;
			path = ../../Resources/mountain.jpg;
			sourceTree = "SOURCE_ROOT";
		};
		755C10DA82151C705A044B6E = {
			isa = PBXFileReference;
			lastKnownFileType = wrapper.framework;
			name = CoreAudio.framework;
			path = System/Library/Frameworks/CoreAudio.framework;
			sourceTree = SDKROOT;
		};
		793162C6BF56F3F91B581CE3 = {
			isa = PBXFileReference;
			lastKnownFileType = image.jpeg;
			name = Leaf.jpg;
			path = ../../Resources/Leaf.jpg;
			sourceTree = "SOURCE_ROOT";
		};
		7D9204324F24600339A829DC = {
			isa = PBXFileReference;
			lastKnownFileType = sourcecode.cpp.cpp;
			name = BinaryData.cpp;
			path = ../../JuceLibraryCode/BinaryData.cpp;
			sourceTree = "SOURCE_ROOT";
		};
		80B7879D39C472454DDA90F0 = {
			isa = PBXFileReference;
			lastKnownFileType = file;
			name = "juce_gui_basics";
			path = "../../../../../juce/modules/juce_gui_basics";
			sourceTree = "SOURCE_ROOT";
		};
		82ABF8AB2EA67C1E721F4B7F = {
			isa = PBXFileReference;
			lastKnownFileType = sourcecode.cpp.objcpp;
			name = "include_juce_data_structures.mm";
			path = "../../JuceLibraryCode/include_juce_data_structures.mm";
			sourceTree = "SOURCE_ROOT";
		};
		83A1AC9760DC435DFE2857BC = {
			isa = PBXFileReference;
			lastKnownFileType = file.nib;
			name = RecentFilesMenuTemplate.nib;
			path = RecentFilesMenuTemplate.nib;
			sourceTree = "SOURCE_ROOT";
		};
		84E711EC0497F31CD96566E9 = {
			isa = PBXFileReference;
			lastKnownFileType = wrapper.framework;
			name = AudioToolbox.framework;
			path = System/Library/Frameworks/AudioToolbox.framework;
			sourceTree = SDKROOT;
		};
		87FE9EE6F260348848AFE46D = {
			isa = PBXFileReference;
			lastKnownFileType = file;
			name = "juce_audio_basics";
			path = "../../../../../juce/modules/juce_audio_basics";
			sourceTree = "SOURCE_ROOT";
		};
		8F138309B9CA06F398656683 = {
			isa = PBXFileReference;
			lastKnownFileType = image.jpeg;
			name = Castle.jpg;
			path = ../../Resources/Castle.jpg;
			sourceTree = "SOURCE_ROOT";
		};
		92187533C0E25662B98FABD7 = {
			isa = PBXFileReference;
			lastKnownFileType = sourcecode.c.h;
			name = BinaryData.h;
			path = ../../JuceLibraryCode/BinaryData.h;
			sourceTree = "SOURCE_ROOT";
		};
		94BAC28228350177EC2DFEB9 = {
			isa = PBXFileReference;
			lastKnownFileType = wrapper.framework;
			name = Security.framework;
			path = System/Library/Frameworks/Security.framework;
			sourceTree = SDKROOT;
		};
		98557953C22DAF4827C7AA1C = {
			isa = PBXFileReference;
			lastKnownFileType = sourcecode.c.c;
			name = "include_gin_network_mbed8.c";
			path = "../../JuceLibraryCode/include_gin_network_mbed8.c";
			sourceTree = "SOURCE_ROOT";
		};
		9A5B15590CA4738B83CD197D = {
			isa = PBXFileReference;
			lastKnownFileType = sourcecode.c.c;
			name = "include_gin_network_mbed4.c";
			path = "../../JuceLibraryCode/include_gin_network_mbed4.c";
			sourceTree = "SOURCE_ROOT";
		};
		9D2C1A243300E527F24DD71D = {
			isa = PBXFileReference;
			lastKnownFileType = file;
			name = "gin_network";
			path = "../../../../modules/gin_network";
			sourceTree = "SOURCE_ROOT";
		};
		A1391A8CB34174F91A234B86 = {
			isa = PBXFileReference;
			lastKnownFileType = file;
			name = "juce_dsp";
			path = "../../../../../juce/modules/juce_dsp";
			sourceTree = "SOURCE_ROOT";
		};
		A26BE049A38837A52F03F5E9 = {
			isa = PBXFileReference;
			lastKnownFileType = file;
			name = "juce_audio_formats";
			path = "../../../../../juce/modules/juce_audio_formats";
			sourceTree = "SOURCE_ROOT";
		};
		A4135EB1F59B216B197145C8 = {
			isa = PBXFileReference;
			lastKnownFileType = file;
			name = "juce_graphics";
			path = "../../../../../juce/modules/juce_graphics";
			sourceTree = "SOURCE_ROOT";
		};
		A6B976A38BD5E3751CE99D7C = {
			isa = PBXFileReference;
			lastKnownFileType = sourcecode.cpp.objcpp;
			name = "include_juce_dsp.mm";
			path = "../../JuceLibraryCode/include_juce_dsp.mm";
			sourceTree = "SOURCE_ROOT";
		};
		ADCC808A7469AB65E41AD01A = {
			isa = PBXFileReference;
			lastKnownFileType = file;
			name = "juce_data_structures";
			path = "../../../../../juce/modules/juce_data_structures";
			sourceTree = "SOURCE_ROOT";
		};
		B0E9D6BFE2EA8D6842407C59 = {
			isa = PBXFileReference;
			lastKnownFileType = sourcecode.cpp.objcpp;
			name = "include_juce_audio_basics.mm";
			path = "../../JuceLibraryCode/include_juce_audio_basics.mm";
			sourceTree = "SOURCE_ROOT";
		};
		B2B8745292A24061A7B5EE85 = {
			isa = PBXFileReference;
			lastKnownFileType = sourcecode.cpp.objcpp;
			name = "include_gin_network.mm";
			path = "../../JuceLibraryCode/include_gin_network.mm";
			sourceTree = "SOURCE_ROOT";
		};
		B4412386AD7CC39079517FF9 = {
			isa = PBXFileReference;
			lastKnownFileType = file;
			name = "juce_gui_extra";
			path = "../../../../../juce/modules/juce_gui_extra";
			sourceTree = "SOURCE_ROOT";
		};
		BA1E08F55D88D64ECC81B4EB = {
			isa = PBXFileReference;
			lastKnownFileType = sourcecode.cpp.cpp;
			name = Main.cpp;
			path = ../../Source/Main.cpp;
			sourceTree = "SOURCE_ROOT";
		};
		BC8DBEDEC8E6CF9BAB5A166B = {
			isa = PBXFileReference;
			lastKnownFileType = file;
			name = gin;
			path = ../../../../modules/gin;
			sourceTree = "SOURCE_ROOT";
		};
		C7DA78B499086A83C79B1B07 = {
			isa = PBXFileReference;
			lastKnownFileType = sourcecode.c.c;
			name = "include_gin_network_mbed7.c";
			path = "../../JuceLibraryCode/include_gin_network_mbed7.c";
			sourceTree = "SOURCE_ROOT";
		};
		C85CED3EB9FC8E3ACD22D677 = {
			isa = PBXFileReference;
			lastKnownFileType = sourcecode.cpp.objcpp;
			name = "include_gin_metadata.mm";
			path = "../../JuceLibraryCode/include_gin_metadata.mm";
			sourceTree = "SOURCE_ROOT";
		};
		C8C008E248F7EC1B8DC94791 = {
			isa = PBXFileReference;
			lastKnownFileType = wrapper.framework;
			name = CoreMIDI.framework;
			path = System/Library/Frameworks/CoreMIDI.framework;
			sourceTree = SDKROOT;
		};
		C97505A1B46418CAFB0FF643 = {
			isa = PBXFileReference;
			lastKnownFileType = text.plist.xml;
			name = "Info-App.plist";
			path = "Info-App.plist";
			sourceTree = "SOURCE_ROOT";
		};
		CA2E0185EA95EA0BBCC0A812 = {
			isa = PBXFileReference;
			lastKnownFileType = wrapper.framework;
			name = CoreAudioKit.framework;
			path = System/Library/Frameworks/CoreAudioKit.framework;
			sourceTree = SDKROOT;
		};
		CB892D42D0FDD9630A77CEBF = {
			isa = PBXFileReference;
			lastKnownFileType = sourcecode.cpp.objcpp;
			name = "include_juce_audio_processors.mm";
			path = "../../JuceLibraryCode/include_juce_audio_processors.mm";
			sourceTree = "SOURCE_ROOT";
		};
		CC34280F1239D0AD998CC192 = {
			isa = PBXFileReference;
			lastKnownFileType = file;
			name = "juce_audio_processors";
			path = "../../../../../juce/modules/juce_audio_processors";
			sourceTree = "SOURCE_ROOT";
		};
		CCB95D28C7E7EE0B974D1DA5 = {
			isa = PBXFileReference;
			lastKnownFileType = sourcecode.cpp.objcpp;
			name = "include_juce_gui_basics.mm";
			path = "../../JuceLibraryCode/include_juce_gui_basics.mm";
			sourceTree = "SOURCE_ROOT";
		};
		D142E7900A2392B3BEBEB6C4 = {
			isa = PBXFileReference;
			lastKnownFileType = wrapper.framework;
			name = Carbon.framework;
			path = System/Library/Frameworks/Carbon.framework;
			sourceTree = SDKROOT;
		};
		D27B58FABBB09F283122704A = {
			isa = PBXFileReference;
			lastKnownFileType = file;
			name = "juce_audio_utils";
			path = "../../../../../juce/modules/juce_audio_utils";
			sourceTree = "SOURCE_ROOT";
		};
		D545C5D015B92B9A8679A8C9 = {
			isa = PBXFileReference;
			lastKnownFileType = sourcecode.c.h;
			name = AppConfig.h;
			path = ../../JuceLibraryCode/AppConfig.h;
			sourceTree = "SOURCE_ROOT";
		};
		D68FB00134A14059CFCEF8E7 = {
			isa = PBXFileReference;
			lastKnownFileType = file;
			name = "gin_metadata";
			path = "../../../../modules/gin_metadata";
			sourceTree = "SOURCE_ROOT";
		};
		D69A514759A69BE3E79A9FD5 = {
			isa = PBXFileReference;
			lastKnownFileType = sourcecode.cpp.objcpp;
			name = "include_juce_events.mm";
			path = "../../JuceLibraryCode/include_juce_events.mm";
			sourceTree = "SOURCE_ROOT";
		};
		DEF61030014770A1F339A522 = {
			isa = PBXFileReference;
			lastKnownFileType = wrapper.framework;
			name = DiscRecording.framework;
			path = System/Library/Frameworks/DiscRecording.framework;
			sourceTree = SDKROOT;
		};
		E1EEE45CDD0D3AE6A922AF74 = {
			isa = PBXFileReference;
			lastKnownFileType = wrapper.framework;
			name = Cocoa.framework;
			path = System/Library/Frameworks/Cocoa.framework;
			sourceTree = SDKROOT;
		};
		EF298C9521B4AD141A605B9D = {
			isa = PBXFileReference;
			lastKnownFileType = sourcecode.cpp.objcpp;
			name = "include_juce_audio_utils.mm";
			path = "../../JuceLibraryCode/include_juce_audio_utils.mm";
			sourceTree = "SOURCE_ROOT";
		};
		EF75EAC5BDB6041845D08EEC = {
			isa = PBXFileReference;
			lastKnownFileType = sourcecode.cpp.objcpp;
			name = "include_gin.mm";
			path = "../../JuceLibraryCode/include_gin.mm";
			sourceTree = "SOURCE_ROOT";
		};
		F18FA3EFA65029A0465520B6 = {
			isa = PBXFileReference;
			lastKnownFileType = sourcecode.cpp.objcpp;
			name = "include_juce_graphics.mm";
			path = "../../JuceLibraryCode/include_juce_graphics.mm";
			sourceTree = "SOURCE_ROOT";
		};
		F32508F5DA6B0AAA23BDEFE7 = {
			isa = PBXFileReference;
			lastKnownFileType = sourcecode.c.h;
			name = JuceHeader.h;
			path = ../../JuceLibraryCode/JuceHeader.h;
			sourceTree = "SOURCE_ROOT";
		};
		F38B6379611CB61566E342BB = {
			isa = PBXFileReference;
			lastKnownFileType = sourcecode.cpp.objcpp;
			name = "include_gin_dsp.mm";
			path = "../../JuceLibraryCode/include_gin_dsp.mm";
			sourceTree = "SOURCE_ROOT";
		};
		F9F9053C098803FC4B882531 = {
			isa = PBXFileReference;
			lastKnownFileType = sourcecode.c.h;
			name = MainComponent.h;
			path = ../../Source/MainComponent.h;
			sourceTree = "SOURCE_ROOT";
		};
		FBC90B08FB69A1B6F23F5567 = {
			isa = PBXFileReference;
			lastKnownFileType = file.bmp;
			name = "ballon_8bit.bmp";
			path = "../../Resources/ballon_8bit.bmp";
			sourceTree = "SOURCE_ROOT";
		};
		C62C443BC8BD02973D5E9418 = {
			isa = PBXGroup;
			children = (
				5FDB550DE328824A1D583C7C,
				FBC90B08FB69A1B6F23F5567,
				8F138309B9CA06F398656683,
				2FA672CE1D97858BD3DA2B0E,
				793162C6BF56F3F91B581CE3,
				722810538E22A43FF0182CE0,
				703818C6778C8D4616CCC66B,
				5C8134508339492CEFD6E156,
			);
			name = Resources;
			sourceTree = "<group>";
		};
		1AA8BB59BC96F7AF9B0AAD77 = {
			isa = PBXGroup;
			children = (
				C62C443BC8BD02973D5E9418,
				4B27A9AC03DF4D9C965757A4,
				F9F9053C098803FC4B882531,
				BA1E08F55D88D64ECC81B4EB,
			);
			name = Source;
			sourceTree = "<group>";
		};
		00410072F4013A30EB0630B4 = {
			isa = PBXGroup;
			children = (
				1AA8BB59BC96F7AF9B0AAD77,
			);
			name = Demo;
			sourceTree = "<group>";
		};
		1466285A7DC963E1EEE76F32 = {
			isa = PBXGroup;
			children = (
				BC8DBEDEC8E6CF9BAB5A166B,
				4378DD765D79C22535D43F05,
				D68FB00134A14059CFCEF8E7,
				9D2C1A243300E527F24DD71D,
				87FE9EE6F260348848AFE46D,
				3FCBA65991BF7C458F354E01,
				A26BE049A38837A52F03F5E9,
				CC34280F1239D0AD998CC192,
				D27B58FABBB09F283122704A,
				043EE8D4EC780C9EEC2AB78B,
				ADCC808A7469AB65E41AD01A,
				A1391A8CB34174F91A234B86,
				182B7A458E753EC203D3EF7C,
				A4135EB1F59B216B197145C8,
				80B7879D39C472454DDA90F0,
				B4412386AD7CC39079517FF9,
			);
			name = "JUCE Modules";
			sourceTree = "<group>";
		};
		FC8B29B466A497C019623A32 = {
			isa = PBXGroup;
			children = (
				D545C5D015B92B9A8679A8C9,
				7D9204324F24600339A829DC,
				92187533C0E25662B98FABD7,
				EF75EAC5BDB6041845D08EEC,
				F38B6379611CB61566E342BB,
				C85CED3EB9FC8E3ACD22D677,
				B2B8745292A24061A7B5EE85,
				36FEB37975B0F0DB81779D07,
				7137F24ED446AC33CFF015B1,
				552D80262F177201B10CE252,
				39D412B134A4CE76868B5E1D,
				9A5B15590CA4738B83CD197D,
				38150E8B4B122A152644E14B,
				45682D6592794B1CB7C7361C,
				C7DA78B499086A83C79B1B07,
				98557953C22DAF4827C7AA1C,
				B0E9D6BFE2EA8D6842407C59,
				404322AEE3DA0EEDE64D0F39,
				21A9C56047D6CEB07B6A07E3,
				CB892D42D0FDD9630A77CEBF,
				EF298C9521B4AD141A605B9D,
				49A48A58619AB704416E42E5,
				82ABF8AB2EA67C1E721F4B7F,
				A6B976A38BD5E3751CE99D7C,
				D69A514759A69BE3E79A9FD5,
				F18FA3EFA65029A0465520B6,
				CCB95D28C7E7EE0B974D1DA5,
				317CAE65A6C70572D1A07688,
				F32508F5DA6B0AAA23BDEFE7,
			);
			name = "JUCE Library Code";
			sourceTree = "<group>";
		};
		89B0C172FD19DFA17840C049 = {
			isa = PBXGroup;
			children = (
				C97505A1B46418CAFB0FF643,
				83A1AC9760DC435DFE2857BC,
			);
			name = Resources;
			sourceTree = "<group>";
		};
		77F63F7C270D03C93A290971 = {
			isa = PBXGroup;
			children = (
				5DCC801E6DB08C1557EBB9A9,
				84E711EC0497F31CD96566E9,
				D142E7900A2392B3BEBEB6C4,
				E1EEE45CDD0D3AE6A922AF74,
				755C10DA82151C705A044B6E,
				CA2E0185EA95EA0BBCC0A812,
				C8C008E248F7EC1B8DC94791,
				DEF61030014770A1F339A522,
				09E51893ECC4476FBBB927EA,
				3CC996E65E7F4767A1EAEB1F,
				94BAC28228350177EC2DFEB9,
				0E3C3CA6A181B0A0D6E44ECC,
			);
			name = Frameworks;
			sourceTree = "<group>";
		};
		6A70E3571ABEBDB543168BFB = {
			isa = PBXGroup;
			children = (
				4E3C239C3D9D21B7C3C6B4E0,
			);
			name = Products;
			sourceTree = "<group>";
		};
		70ABEE781B16B71A2972FD77 = {
			isa = PBXGroup;
			children = (
				00410072F4013A30EB0630B4,
				1466285A7DC963E1EEE76F32,
				FC8B29B466A497C019623A32,
				89B0C172FD19DFA17840C049,
				77F63F7C270D03C93A290971,
				6A70E3571ABEBDB543168BFB,
			);
			name = Source;
			sourceTree = "<group>";
		};
		5CEE18039687E15696E8F53B = {
			isa = XCBuildConfiguration;
			buildSettings = {
				CLANG_CXX_LANGUAGE_STANDARD = "c++14";
				CLANG_CXX_LIBRARY = "libc++";
				CLANG_LINK_OBJC_RUNTIME = NO;
				COMBINE_HIDPI_IMAGES = YES;
				CONFIGURATION_BUILD_DIR = "$(PROJECT_DIR)/build/$(CONFIGURATION)";
				COPY_PHASE_STRIP = NO;
				GCC_DYNAMIC_NO_PIC = NO;
				GCC_OPTIMIZATION_LEVEL = 0;
				GCC_PREPROCESSOR_DEFINITIONS = (
					"_DEBUG=1",
					"DEBUG=1",
					"JUCER_XCODE_MAC_F6D2F4CF=1",
					"JUCE_APP_VERSION=1.0.0",
					"JUCE_APP_VERSION_HEX=0x10000",
					"JucePlugin_Build_VST=0",
					"JucePlugin_Build_VST3=0",
					"JucePlugin_Build_AU=0",
					"JucePlugin_Build_AUv3=0",
					"JucePlugin_Build_RTAS=0",
					"JucePlugin_Build_AAX=0",
					"JucePlugin_Build_Standalone=0",
					"JucePlugin_Build_Unity=0",
				);
				GCC_VERSION = com.apple.compilers.llvm.clang.1_0;
				HEADER_SEARCH_PATHS = (
					"../../JuceLibraryCode",
					"../../../../modules",
					"../../../../modules/gin_network/3rdparty/mbedtls/include",
					"../../../../../juce/modules",
					"$(inherited)",
				);
				INFOPLIST_FILE = Info-App.plist;
				INFOPLIST_PREPROCESS = NO;
				INSTALL_PATH = "$(HOME)/Applications";
				MACOSX_DEPLOYMENT_TARGET = 10.11;
				OTHER_CPLUSPLUSFLAGS = "-Wall -Wshadow-all -Wshorten-64-to-32 -Wstrict-aliasing -Wuninitialized -Wunused-parameter -Wconversion -Wsign-compare -Wint-conversion -Wconditional-uninitialized -Woverloaded-virtual -Wreorder -Wconstant-conversion -Wsign-conversion -Wunused-private-field -Wbool-conversion -Wextra-semi -Wunreachable-code -Wzero-as-null-pointer-constant -Wcast-align -Winconsistent-missing-destructor-override -Wshift-sign-overflow -Wnullable-to-nonnull-conversion -Wno-missing-field-initializers -Wno-ignored-qualifiers -Wall -Wextra -Wconversion -Wconstant-conversion -Wint-conversion -Woverloaded-virtual -Wconditional-uninitialized -Wunused-parameter -Wshorten-64-to-32 -Wstrict-aliasing -Wshadow -Wreorder -Wunused-private-field -Wbool-conversion -Wno-missing-field-initializers -Wno-ignored-qualifiers -Wunreachable-code";
				PRODUCT_BUNDLE_IDENTIFIER = com.yourcompany.Demo;
				PRODUCT_NAME = "Demo";
				USE_HEADERMAP = NO;
			};
			name = Debug;
		};
		1182792E972990564F5623C7 = {
			isa = XCBuildConfiguration;
			buildSettings = {
				CLANG_CXX_LANGUAGE_STANDARD = "c++14";
				CLANG_CXX_LIBRARY = "libc++";
				CLANG_LINK_OBJC_RUNTIME = NO;
				COMBINE_HIDPI_IMAGES = YES;
				CONFIGURATION_BUILD_DIR = "$(PROJECT_DIR)/build/$(CONFIGURATION)";
				DEAD_CODE_STRIPPING = YES;
				GCC_GENERATE_DEBUGGING_SYMBOLS = NO;
				GCC_OPTIMIZATION_LEVEL = 3;
				GCC_PREPROCESSOR_DEFINITIONS = (
					"_NDEBUG=1",
					"NDEBUG=1",
					"JUCER_XCODE_MAC_F6D2F4CF=1",
					"JUCE_APP_VERSION=1.0.0",
					"JUCE_APP_VERSION_HEX=0x10000",
					"JucePlugin_Build_VST=0",
					"JucePlugin_Build_VST3=0",
					"JucePlugin_Build_AU=0",
					"JucePlugin_Build_AUv3=0",
					"JucePlugin_Build_RTAS=0",
					"JucePlugin_Build_AAX=0",
					"JucePlugin_Build_Standalone=0",
					"JucePlugin_Build_Unity=0",
				);
				GCC_SYMBOLS_PRIVATE_EXTERN = YES;
				GCC_VERSION = com.apple.compilers.llvm.clang.1_0;
				HEADER_SEARCH_PATHS = (
					"../../JuceLibraryCode",
					"../../../../modules",
					"../../../../modules/gin_network/3rdparty/mbedtls/include",
					"../../../../../juce/modules",
					"$(inherited)",
				);
				INFOPLIST_FILE = Info-App.plist;
				INFOPLIST_PREPROCESS = NO;
				INSTALL_PATH = "$(HOME)/Applications";
				LLVM_LTO = YES;
				MACOSX_DEPLOYMENT_TARGET = 10.11;
				OTHER_CPLUSPLUSFLAGS = "-Wall -Wshadow-all -Wshorten-64-to-32 -Wstrict-aliasing -Wuninitialized -Wunused-parameter -Wconversion -Wsign-compare -Wint-conversion -Wconditional-uninitialized -Woverloaded-virtual -Wreorder -Wconstant-conversion -Wsign-conversion -Wunused-private-field -Wbool-conversion -Wextra-semi -Wunreachable-code -Wzero-as-null-pointer-constant -Wcast-align -Winconsistent-missing-destructor-override -Wshift-sign-overflow -Wnullable-to-nonnull-conversion -Wno-missing-field-initializers -Wno-ignored-qualifiers -Wall -Wextra -Wconversion -Wconstant-conversion -Wint-conversion -Woverloaded-virtual -Wconditional-uninitialized -Wunused-parameter -Wshorten-64-to-32 -Wstrict-aliasing -Wshadow -Wreorder -Wunused-private-field -Wbool-conversion -Wno-missing-field-initializers -Wno-ignored-qualifiers -Wunreachable-code";
				PRODUCT_BUNDLE_IDENTIFIER = com.yourcompany.Demo;
				PRODUCT_NAME = "Demo";
				USE_HEADERMAP = NO;
			};
			name = Release;
		};
		AD3ADD7D0009AB7CD77205D2 = {
			isa = XCBuildConfiguration;
			buildSettings = {
				ALWAYS_SEARCH_USER_PATHS = NO;
				CLANG_ENABLE_OBJC_WEAK = YES;
				CLANG_WARN_BLOCK_CAPTURE_AUTORELEASING = YES;
				CLANG_WARN_BOOL_CONVERSION = YES;
				CLANG_WARN_COMMA = YES;
				CLANG_WARN_CONSTANT_CONVERSION = YES;
				CLANG_WARN_DEPRECATED_OBJC_IMPLEMENTATIONS = YES;
				CLANG_WARN_EMPTY_BODY = YES;
				CLANG_WARN_ENUM_CONVERSION = YES;
				CLANG_WARN_INFINITE_RECURSION = YES;
				CLANG_WARN_INT_CONVERSION = YES;
				CLANG_WARN_NON_LITERAL_NULL_CONVERSION = YES;
				CLANG_WARN_OBJC_IMPLICIT_RETAIN_SELF = YES;
				CLANG_WARN_OBJC_LITERAL_CONVERSION = YES;
				CLANG_WARN_RANGE_LOOP_ANALYSIS = YES;
				CLANG_WARN_STRICT_PROTOTYPES = YES;
				CLANG_WARN_SUSPICIOUS_MOVE = YES;
				CLANG_WARN_UNREACHABLE_CODE = YES;
				CLANG_WARN__DUPLICATE_METHOD_MATCH = YES;
				DEBUG_INFORMATION_FORMAT = dwarf;
				ENABLE_STRICT_OBJC_MSGSEND = YES;
				ENABLE_TESTABILITY = YES;
				GCC_C_LANGUAGE_STANDARD = c11;
				GCC_INLINES_ARE_PRIVATE_EXTERN = YES;
				GCC_MODEL_TUNING = G5;
				GCC_NO_COMMON_BLOCKS = YES;
				GCC_WARN_64_TO_32_BIT_CONVERSION = YES;
				GCC_WARN_ABOUT_RETURN_TYPE = YES;
				GCC_WARN_CHECK_SWITCH_STATEMENTS = YES;
				GCC_WARN_MISSING_PARENTHESES = YES;
				GCC_WARN_NON_VIRTUAL_DESTRUCTOR = YES;
				GCC_WARN_TYPECHECK_CALLS_TO_PRINTF = YES;
				GCC_WARN_UNDECLARED_SELECTOR = YES;
				GCC_WARN_UNINITIALIZED_AUTOS = YES;
				GCC_WARN_UNUSED_FUNCTION = YES;
				GCC_WARN_UNUSED_VARIABLE = YES;
				ONLY_ACTIVE_ARCH = YES;
				PRODUCT_NAME = "Demo";
				WARNING_CFLAGS = "-Wreorder";
				ZERO_LINK = NO;
			};
			name = Debug;
		};
		E16A64B77047D2C51091D5C8 = {
			isa = XCBuildConfiguration;
			buildSettings = {
				ALWAYS_SEARCH_USER_PATHS = NO;
				CLANG_ENABLE_OBJC_WEAK = YES;
				CLANG_WARN_BLOCK_CAPTURE_AUTORELEASING = YES;
				CLANG_WARN_BOOL_CONVERSION = YES;
				CLANG_WARN_COMMA = YES;
				CLANG_WARN_CONSTANT_CONVERSION = YES;
				CLANG_WARN_DEPRECATED_OBJC_IMPLEMENTATIONS = YES;
				CLANG_WARN_EMPTY_BODY = YES;
				CLANG_WARN_ENUM_CONVERSION = YES;
				CLANG_WARN_INFINITE_RECURSION = YES;
				CLANG_WARN_INT_CONVERSION = YES;
				CLANG_WARN_NON_LITERAL_NULL_CONVERSION = YES;
				CLANG_WARN_OBJC_IMPLICIT_RETAIN_SELF = YES;
				CLANG_WARN_OBJC_LITERAL_CONVERSION = YES;
				CLANG_WARN_RANGE_LOOP_ANALYSIS = YES;
				CLANG_WARN_STRICT_PROTOTYPES = YES;
				CLANG_WARN_SUSPICIOUS_MOVE = YES;
				CLANG_WARN_UNREACHABLE_CODE = YES;
				CLANG_WARN__DUPLICATE_METHOD_MATCH = YES;
				DEBUG_INFORMATION_FORMAT = dwarf;
				ENABLE_STRICT_OBJC_MSGSEND = YES;
				GCC_C_LANGUAGE_STANDARD = c11;
				GCC_INLINES_ARE_PRIVATE_EXTERN = YES;
				GCC_MODEL_TUNING = G5;
				GCC_NO_COMMON_BLOCKS = YES;
				GCC_WARN_64_TO_32_BIT_CONVERSION = YES;
				GCC_WARN_ABOUT_RETURN_TYPE = YES;
				GCC_WARN_CHECK_SWITCH_STATEMENTS = YES;
				GCC_WARN_MISSING_PARENTHESES = YES;
				GCC_WARN_NON_VIRTUAL_DESTRUCTOR = YES;
				GCC_WARN_TYPECHECK_CALLS_TO_PRINTF = YES;
				GCC_WARN_UNDECLARED_SELECTOR = YES;
				GCC_WARN_UNINITIALIZED_AUTOS = YES;
				GCC_WARN_UNUSED_FUNCTION = YES;
				GCC_WARN_UNUSED_VARIABLE = YES;
				PRODUCT_NAME = "Demo";
				WARNING_CFLAGS = "-Wreorder";
				ZERO_LINK = NO;
			};
			name = Release;
		};
		9DBDB50011E582A264EECC65 = {
			isa = PBXTargetDependency;
			target = CA89E5D702037D25E29D7D8B;
		};
		981BA4E5A669487E6CB0188A = {
			isa = XCConfigurationList;
			buildConfigurations = (
				AD3ADD7D0009AB7CD77205D2,
				E16A64B77047D2C51091D5C8,
			);
			defaultConfigurationIsVisible = 0;
			defaultConfigurationName = Debug;
		};
		4E36AE3AC8E08F3B17C0DCAE = {
			isa = XCConfigurationList;
			buildConfigurations = (
				5CEE18039687E15696E8F53B,
				1182792E972990564F5623C7,
			);
			defaultConfigurationIsVisible = 0;
			defaultConfigurationName = Debug;
		};
		9C3C9C7E4A120B567D7A00B3 = {
			isa = PBXResourcesBuildPhase;
			buildActionMask = 2147483647;
			files = (
				1AF5ECF60D45B2D818170581,
			);
			runOnlyForDeploymentPostprocessing = 0;
		};
		741DCAA41245DAA625B77E1C = {
			isa = PBXSourcesBuildPhase;
			buildActionMask = 2147483647;
			files = (
				7F5F5F39E0CA95147594ECF3,
				45E4B4A902106850BB8ED4A6,
				6EB5FFB0ACA487D33B2AAE93,
				7BEB35AA6F70C5E112FDBD0F,
				A0C4729F4F0A9B073D066ED0,
				DD7F48960E0E3F61D8BD6C0F,
				E26C735D7447DCA6FA2E4E2A,
				7227E33A36B88172A89F2E1E,
				DBAE64ADE272845AEE0F9009,
				7C057F4FDE4586FF00DAAFBC,
				3BCA871F046E38E7C5737C4C,
				4ABE486DC70B673B0016E1F7,
				B1D7444AE88AA9B49ECE7AF6,
				67C8F6D18EEB87095057FE42,
				2FC99192EFA20A68E04AB5C4,
				3C5322319B787AD34370EE40,
				3A8FDB6E33CE7C4C2F59A6B9,
				0070BBED3505691358984F56,
				540FBC282E6CA5621B4939B4,
				D04213AF63BE00D48FD5BDFA,
				0CFA0E777686098D4851C6E4,
				E2810D73B0129F1A564B19BF,
				4F3BBB2F28058A6B377F3E7E,
				9CC666590EE23759FC8D7E9E,
				FE40FAF158174C0C3BF0E67F,
				7730234E53401F68CB0A9880,
				BE1DCDB995F184523E667F65,
				E1344442F3B510613794B5B9,
			);
			runOnlyForDeploymentPostprocessing = 0;
		};
		BB08BC36DF0FB4BE07CD1C72 = {
			isa = PBXFrameworksBuildPhase;
			buildActionMask = 2147483647;
			files = (
				DF39D18751907B83431CF930,
				C47D830638279E586B641B78,
				DB0CD3A417F7E8183DAA143E,
				78F7F0CB89BFCB7B1A1589E5,
				34D10A382BECA05437422A07,
				FD2337D64EEB5F023F10ADB7,
				79237D1B06A53F4B336441BF,
				DE5DB5DD53AFA17D6D007EB6,
				512B5C27A90383C407E1EB52,
				CD928067D2963F029EE58E0C,
				E6FDCE51C3BB4887906CB36B,
				231B431AB5012022636B1771,
			);
			runOnlyForDeploymentPostprocessing = 0;
		};
		CA89E5D702037D25E29D7D8B = {
			isa = PBXNativeTarget;
			buildConfigurationList = 4E36AE3AC8E08F3B17C0DCAE;
			buildPhases = (
				9C3C9C7E4A120B567D7A00B3,
				741DCAA41245DAA625B77E1C,
				BB08BC36DF0FB4BE07CD1C72,
			);
			buildRules = ( );
			dependencies = ( );
			name = "Demo - App";
			productName = Demo;
			productReference = 4E3C239C3D9D21B7C3C6B4E0;
			productType = "com.apple.product-type.application";
		};
		272DA04CCA296E913FDAC1A3 = {
			isa = PBXProject;
			buildConfigurationList = 981BA4E5A669487E6CB0188A;
			attributes = { LastUpgradeCheck = 1100; ORGANIZATIONNAME = ""; TargetAttributes = { CA89E5D702037D25E29D7D8B = { SystemCapabilities = {com.apple.ApplicationGroups.iOS = { enabled = 0; }; com.apple.InAppPurchase = { enabled = 0; }; com.apple.InterAppAudio = { enabled = 0; }; com.apple.Push = { enabled = 0; }; com.apple.Sandbox = { enabled = 0; }; com.apple.HardenedRuntime = { enabled = 0; }; }; }; }; };
			compatibilityVersion = "Xcode 3.2";
			hasScannedForEncodings = 0;
			mainGroup = 70ABEE781B16B71A2972FD77;
			projectDirPath = "";
			projectRoot = "";
			targets = (CA89E5D702037D25E29D7D8B);
			knownRegions = (en, Base);
		};
	};
	rootObject = 272DA04CCA296E913FDAC1A3;
}
